
Microsoft Visual Studio Solution File, Format Version 12.00
# Visual Studio Version 17
VisualStudioVersion = 17.5.33414.496
MinimumVisualStudioVersion = 10.0.40219.1
Project("{FAE04EC0-301F-11D3-BF4B-00C04F79EFBC}") = "pryBarreiroPOO", "pryBarreiroPOO\pryBarreiroPOO.csproj", "{C3E6523B-6ADB-4CF1-B217-5C690E648313}"
EndProject
Global
	GlobalSection(SolutionConfigurationPlatforms) = preSolution
		Debug|Any CPU = Debug|Any CPU
		Release|Any CPU = Release|Any CPU
	EndGlobalSection
	GlobalSection(ProjectConfigurationPlatforms) = postSolution
		{C3E6523B-6ADB-4CF1-B217-5C690E648313}.Debug|Any CPU.ActiveCfg = Debug|Any CPU
		{C3E6523B-6ADB-4CF1-B217-5C690E648313}.Debug|Any CPU.Build.0 = Debug|Any CPU
		{C3E6523B-6ADB-4CF1-B217-5C690E648313}.Release|Any CPU.ActiveCfg = Release|Any CPU
		{C3E6523B-6ADB-4CF1-B217-5C690E648313}.Release|Any CPU.Build.0 = Release|Any CPU
	EndGlobalSection
	GlobalSection(SolutionProperties) = preSolution
		HideSolutionNode = FALSE
	EndGlobalSection
	GlobalSection(ExtensibilityGlobals) = postSolution
		SolutionGuid = {9218C7C3-3A65-4DD1-BC42-6063560776CB}
	EndGlobalSection
EndGlobal
